
Microsoft Visual Studio Solution File, Format Version 12.00
# Visual Studio Version 17
VisualStudioVersion = 17.0.31912.275
MinimumVisualStudioVersion = 10.0.40219.1
Project("{9A19103F-16F7-4668-BE54-9A1E7A4F7556}") = "PokeApiNetDomain", "PokeApiNet\PokeApiNetDomain.csproj", "{5C6D2C6D-0A64-42DF-A118-F34425857413}"
EndProject
Project("{9A19103F-16F7-4668-BE54-9A1E7A4F7556}") = "API", "API\API.csproj", "{76A6D9C9-0EDE-4DEE-8334-BC91F33845C8}"
EndProject
Project("{9A19103F-16F7-4668-BE54-9A1E7A4F7556}") = "Application", "Application\Application.csproj", "{007D93C0-3978-4668-A77B-67EA1F8DC9C2}"
EndProject
Project("{FAE04EC0-301F-11D3-BF4B-00C04F79EFBC}") = "ApplicationUnitTests", "ApplicationUnitTests\ApplicationUnitTests.csproj", "{7DF7DAD3-7E7F-4E8E-BFC5-777CEFC54F65}"
EndProject
Project("{2150E333-8FDC-42A3-9474-1A3956D46DE8}") = "src", "src", "{C61A3735-31EB-4E1B-A21D-C19118F625A4}"
EndProject
Project("{2150E333-8FDC-42A3-9474-1A3956D46DE8}") = "test", "test", "{07791295-1EB2-4584-98E4-B6312C250CD6}"
EndProject
Global
	GlobalSection(SolutionConfigurationPlatforms) = preSolution
		Debug|Any CPU = Debug|Any CPU
		Release|Any CPU = Release|Any CPU
	EndGlobalSection
	GlobalSection(ProjectConfigurationPlatforms) = postSolution
		{5C6D2C6D-0A64-42DF-A118-F34425857413}.Debug|Any CPU.ActiveCfg = Debug|Any CPU
		{5C6D2C6D-0A64-42DF-A118-F34425857413}.Debug|Any CPU.Build.0 = Debug|Any CPU
		{5C6D2C6D-0A64-42DF-A118-F34425857413}.Release|Any CPU.ActiveCfg = Release|Any CPU
		{5C6D2C6D-0A64-42DF-A118-F34425857413}.Release|Any CPU.Build.0 = Release|Any CPU
		{76A6D9C9-0EDE-4DEE-8334-BC91F33845C8}.Debug|Any CPU.ActiveCfg = Debug|Any CPU
		{76A6D9C9-0EDE-4DEE-8334-BC91F33845C8}.Debug|Any CPU.Build.0 = Debug|Any CPU
		{76A6D9C9-0EDE-4DEE-8334-BC91F33845C8}.Release|Any CPU.ActiveCfg = Release|Any CPU
		{76A6D9C9-0EDE-4DEE-8334-BC91F33845C8}.Release|Any CPU.Build.0 = Release|Any CPU
		{007D93C0-3978-4668-A77B-67EA1F8DC9C2}.Debug|Any CPU.ActiveCfg = Debug|Any CPU
		{007D93C0-3978-4668-A77B-67EA1F8DC9C2}.Debug|Any CPU.Build.0 = Debug|Any CPU
		{007D93C0-3978-4668-A77B-67EA1F8DC9C2}.Release|Any CPU.ActiveCfg = Release|Any CPU
		{007D93C0-3978-4668-A77B-67EA1F8DC9C2}.Release|Any CPU.Build.0 = Release|Any CPU
		{7DF7DAD3-7E7F-4E8E-BFC5-777CEFC54F65}.Debug|Any CPU.ActiveCfg = Debug|Any CPU
		{7DF7DAD3-7E7F-4E8E-BFC5-777CEFC54F65}.Debug|Any CPU.Build.0 = Debug|Any CPU
		{7DF7DAD3-7E7F-4E8E-BFC5-777CEFC54F65}.Release|Any CPU.ActiveCfg = Release|Any CPU
		{7DF7DAD3-7E7F-4E8E-BFC5-777CEFC54F65}.Release|Any CPU.Build.0 = Release|Any CPU
	EndGlobalSection
	GlobalSection(SolutionProperties) = preSolution
		HideSolutionNode = FALSE
	EndGlobalSection
	GlobalSection(NestedProjects) = preSolution
		{5C6D2C6D-0A64-42DF-A118-F34425857413} = {C61A3735-31EB-4E1B-A21D-C19118F625A4}
		{76A6D9C9-0EDE-4DEE-8334-BC91F33845C8} = {C61A3735-31EB-4E1B-A21D-C19118F625A4}
		{007D93C0-3978-4668-A77B-67EA1F8DC9C2} = {C61A3735-31EB-4E1B-A21D-C19118F625A4}
		{7DF7DAD3-7E7F-4E8E-BFC5-777CEFC54F65} = {07791295-1EB2-4584-98E4-B6312C250CD6}
	EndGlobalSection
	GlobalSection(ExtensibilityGlobals) = postSolution
		SolutionGuid = {D37485B6-27B0-4595-98F5-D16759CC653F}
	EndGlobalSection
EndGlobal
